
Microsoft Visual Studio Solution File, Format Version 12.00
# Visual Studio 15
VisualStudioVersion = 15.0.28307.421
MinimumVisualStudioVersion = 10.0.40219.1
Project("{FAE04EC0-301F-11D3-BF4B-00C04F79EFBC}") = "FooLibrary", "FooLibrary\FooLibrary.csproj", "{E2510A7C-BEB6-4932-9A7E-F1FFBCABD802}"
EndProject
Project("{FAE04EC0-301F-11D3-BF4B-00C04F79EFBC}") = "FooRESTApi", "FooRESTApi\FooRESTApi.csproj", "{EE176204-58AE-457D-A5FD-CAEA0AF9E221}"
EndProject
Project("{FAE04EC0-301F-11D3-BF4B-00C04F79EFBC}") = "FooLibrary.UnitTest", "FooLibrary.UnitTest\FooLibrary.UnitTest.csproj", "{D572F524-4B9F-45FB-B523-3C318FE04B64}"
EndProject
Global
	GlobalSection(SolutionConfigurationPlatforms) = preSolution
		Debug|Any CPU = Debug|Any CPU
		Release|Any CPU = Release|Any CPU
	EndGlobalSection
	GlobalSection(ProjectConfigurationPlatforms) = postSolution
		{E2510A7C-BEB6-4932-9A7E-F1FFBCABD802}.Debug|Any CPU.ActiveCfg = Debug|Any CPU
		{E2510A7C-BEB6-4932-9A7E-F1FFBCABD802}.Debug|Any CPU.Build.0 = Debug|Any CPU
		{E2510A7C-BEB6-4932-9A7E-F1FFBCABD802}.Release|Any CPU.ActiveCfg = Release|Any CPU
		{E2510A7C-BEB6-4932-9A7E-F1FFBCABD802}.Release|Any CPU.Build.0 = Release|Any CPU
		{EE176204-58AE-457D-A5FD-CAEA0AF9E221}.Debug|Any CPU.ActiveCfg = Debug|Any CPU
		{EE176204-58AE-457D-A5FD-CAEA0AF9E221}.Debug|Any CPU.Build.0 = Debug|Any CPU
		{EE176204-58AE-457D-A5FD-CAEA0AF9E221}.Release|Any CPU.ActiveCfg = Release|Any CPU
		{EE176204-58AE-457D-A5FD-CAEA0AF9E221}.Release|Any CPU.Build.0 = Release|Any CPU
		{D572F524-4B9F-45FB-B523-3C318FE04B64}.Debug|Any CPU.ActiveCfg = Debug|Any CPU
		{D572F524-4B9F-45FB-B523-3C318FE04B64}.Debug|Any CPU.Build.0 = Debug|Any CPU
		{D572F524-4B9F-45FB-B523-3C318FE04B64}.Release|Any CPU.ActiveCfg = Release|Any CPU
		{D572F524-4B9F-45FB-B523-3C318FE04B64}.Release|Any CPU.Build.0 = Release|Any CPU
	EndGlobalSection
	GlobalSection(SolutionProperties) = preSolution
		HideSolutionNode = FALSE
	EndGlobalSection
	GlobalSection(ExtensibilityGlobals) = postSolution
		SolutionGuid = {34EE2ABA-93E1-4EA5-8D0F-D617ADC16B18}
	EndGlobalSection
EndGlobal
